{
  "R": {
    "Version": "4.5.2",
    "Repositories": [
      {
        "Name": "CRAN",
        "URL": "https://p3m.dev/cran/latest"
      },
      {
        "Name": "BioCsoft",
        "URL": "https://bioconductor.org/packages/3.22/bioc"
      },
      {
        "Name": "BioCcontainers",
        "URL": "https://bioconductor.org/packages/3.22/container-binaries/bioconductor_docker"
      }
    ]
  },
  "Bioconductor": {
    "Version": "3.22"
  },
  "Packages": {
    "ALL": { "Package": "ALL", "Version": "1.46.0", "Source": "Bioconductor" },
    "AnnotationDbi": { "Package": "AnnotationDbi", "Version": "1.68.0", "Source": "Bioconductor" },
    "AnnotationHub": { "Package": "AnnotationHub", "Version": "3.14.0", "Source": "Bioconductor" },
    "BH": { "Package": "BH", "Version": "1.87.0-1", "Source": "Repository", "Repository": "CRAN" },
    "Biobase": { "Package": "Biobase", "Version": "2.66.0", "Source": "Bioconductor" },
    "BiocFileCache": { "Package": "BiocFileCache", "Version": "2.14.0", "Source": "Bioconductor" },
    "BiocGenerics": { "Package": "BiocGenerics", "Version": "0.52.0", "Source": "Bioconductor" },
    "BiocManager": { "Package": "BiocManager", "Version": "1.30.26", "Source": "Repository", "Repository": "CRAN" },
    "BiocNeighbors": { "Package": "BiocNeighbors", "Version": "2.0.1", "Source": "Bioconductor" },
    "BiocParallel": { "Package": "BiocParallel", "Version": "1.40.2", "Source": "Bioconductor" },
    "BiocSingular": { "Package": "BiocSingular", "Version": "1.22.0", "Source": "Bioconductor" },
    "BiocStyle": { "Package": "BiocStyle", "Version": "2.32.1", "Source": "Bioconductor" },
    "BiocVersion": { "Package": "BiocVersion", "Version": "3.22.0", "Source": "Bioconductor" },
    "Biostrings": { "Package": "Biostrings", "Version": "2.74.1", "Source": "Bioconductor" },
    "COMPASS": { "Package": "COMPASS", "Version": "1.42.0", "Source": "Bioconductor" },
    "Cairo": { "Package": "Cairo", "Version": "1.6-2", "Source": "Repository", "Repository": "CRAN" },
    "ComplexHeatmap": { "Package": "ComplexHeatmap", "Version": "2.22.0", "Source": "Bioconductor" },
    "ConsensusClusterPlus": { "Package": "ConsensusClusterPlus", "Version": "1.68.0", "Source": "Bioconductor" },
    "CytoML": { "Package": "CytoML", "Version": "2.16.0", "Source": "Bioconductor" },
    "DBI": { "Package": "DBI", "Version": "1.2.3", "Source": "Repository", "Repository": "CRAN" },
    "DBItest": { "Package": "DBItest", "Version": "1.7.3", "Source": "Repository", "Repository": "CRAN" },
    "DEoptimR": { "Package": "DEoptimR", "Version": "1.1-3-1", "Source": "Repository", "Repository": "CRAN" },
    "DOSE": { "Package": "DOSE", "Version": "4.0.0", "Source": "Bioconductor" },
    "DT": { "Package": "DT", "Version": "0.33", "Source": "Repository", "Repository": "CRAN" },
    "DelayedArray": { "Package": "DelayedArray", "Version": "0.32.0", "Source": "Bioconductor" },
    "DelayedMatrixStats": { "Package": "DelayedMatrixStats", "Version": "1.28.1", "Source": "Bioconductor" },
    "DescTools": { "Package": "DescTools", "Version": "0.99.54", "Source": "Repository", "Repository": "CRAN" },
    "Exact": { "Package": "Exact", "Version": "3.3", "Source": "Repository", "Repository": "CRAN" },
    "ExperimentHub": { "Package": "ExperimentHub", "Version": "2.14.0", "Source": "Bioconductor" },
    "FNN": { "Package": "FNN", "Version": "1.1.4.1", "Source": "Repository", "Repository": "CRAN" },
    "GenomeInfoDb": { "Package": "GenomeInfoDb", "Version": "1.42.1", "Source": "Bioconductor" },
    "GenomeInfoDbData": { "Package": "GenomeInfoDbData", "Version": "1.2.12", "Source": "Bioconductor" },
    "GenomicRanges": { "Package": "GenomicRanges", "Version": "1.58.0", "Source": "Bioconductor" },
    "MASS": { "Package": "MASS", "Version": "7.3-60", "Source": "Repository", "Repository": "CRAN" },
    "Matrix": { "Package": "Matrix", "Version": "1.6-5", "Source": "Repository", "Repository": "CRAN" },
    "MatrixGenerics": { "Package": "MatrixGenerics", "Version": "1.18.0", "Source": "Bioconductor" },
    "R6": { "Package": "R6", "Version": "2.5.1", "Source": "Repository", "Repository": "CRAN" },
    "RBGL": { "Package": "RBGL", "Version": "1.82.0", "Source": "Bioconductor" },
    "RMariaDB": { "Package": "RMariaDB", "Version": "1.3.1", "Source": "Repository", "Repository": "CRAN" },
    "RSQLite": { "Package": "RSQLite", "Version": "2.3.5", "Source": "Repository", "Repository": "CRAN" },
    "arrow": { "Package": "arrow", "Version": "14.0.2", "Source": "Repository", "Repository": "CRAN" },
    "blob": { "Package": "blob", "Version": "1.2.4", "Source": "Repository", "Repository": "CRAN" },
    "bslib": { "Package": "bslib", "Version": "0.6.1", "Source": "Repository", "Repository": "CRAN" },
    "cachem": { "Package": "cachem", "Version": "1.0.8", "Source": "Repository", "Repository": "CRAN" },
    "car": { "Package": "car", "Version": "3.1-2", "Source": "Repository", "Repository": "CRAN" },
    "cluster": { "Package": "cluster", "Version": "2.1.6", "Source": "Repository", "Repository": "CRAN" },
    "corpcor": { "Package": "corpcor", "Version": "1.6.10", "Source": "Repository", "Repository": "CRAN" },
    "covr": { "Package": "covr", "Version": "3.6.4", "Source": "Repository", "Repository": "CRAN" },
    "cowplot": { "Package": "cowplot", "Version": "1.1.3", "Source": "Repository", "Repository": "CRAN" },
    "cytoUtils": { "Package": "cytoUtils", "Version": "1.0.0", "Source": "Repository", "Repository": "CRAN" },
    "dbplyr": { "Package": "dbplyr", "Version": "2.4.0", "Source": "Repository", "Repository": "CRAN" },
    "deldir": { "Package": "deldir", "Version": "2.0-4", "Source": "Repository", "Repository": "CRAN" },
    "desc": { "Package": "desc", "Version": "1.4.3", "Source": "Repository", "Repository": "CRAN" },
    "downlit": { "Package": "downlit", "Version": "0.4.3", "Source": "Repository", "Repository": "CRAN" },
    "dplyr": { "Package": "dplyr", "Version": "1.1.4", "Source": "Repository", "Repository": "CRAN" },
    "evaluate": { "Package": "evaluate", "Version": "0.23", "Source": "Repository", "Repository": "CRAN" },
    "fastmap": { "Package": "fastmap", "Version": "1.1.1", "Source": "Repository", "Repository": "CRAN" },
    "flowCore": { "Package": "flowCore", "Version": "2.18.0", "Source": "Bioconductor" },
    "flowStats": { "Package": "flowStats", "Version": "4.18.0", "Source": "Bioconductor" },
    "flowViz": { "Package": "flowViz", "Version": "1.70.0", "Source": "Bioconductor" },
    "flowWorkspace": { "Package": "flowWorkspace", "Version": "4.18.0", "Source": "Bioconductor" },
    "fontawesome": { "Package": "fontawesome", "Version": "0.5.2", "Source": "Repository", "Repository": "CRAN" },
    "ggrepel": { "Package": "ggrepel", "Version": "0.9.5", "Source": "Repository", "Repository": "CRAN" },
    "ggridges": { "Package": "ggridges", "Version": "0.5.6", "Source": "Repository", "Repository": "CRAN" },
    "gh": { "Package": "gh", "Version": "1.4.0", "Source": "Repository", "Repository": "CRAN" },
    "ggplot2": { "Package": "ggplot2", "Version": "3.5.0", "Source": "Repository", "Repository": "CRAN" },
    "glue": { "Package": "glue", "Version": "1.7.0", "Source": "Repository", "Repository": "CRAN" },
    "gtools": { "Package": "gtools", "Version": "3.9.5", "Source": "Repository", "Repository": "CRAN" },
    "hms": { "Package": "hms", "Version": "1.1.3", "Source": "Repository", "Repository": "CRAN" },
    "knitr": { "Package": "knitr", "Version": "1.45", "Source": "Repository", "Repository": "CRAN" },
    "latticeExtra": { "Package": "latticeExtra", "Version": "0.6-30", "Source": "Repository", "Repository": "CRAN" },
    "lazyeval": { "Package": "lazyeval", "Version": "0.2.2", "Source": "Repository", "Repository": "CRAN" },
    "lobstr": { "Package": "lobstr", "Version": "1.1.2", "Source": "Repository", "Repository": "CRAN" },
    "magrittr": { "Package": "magrittr", "Version": "2.0.3", "Source": "Repository", "Repository": "CRAN" },
    "matrixStats": { "Package": "matrixStats", "Version": "1.2.0", "Source": "Repository", "Repository": "CRAN" },
    "mclust": { "Package": "mclust", "Version": "6.1.1", "Source": "Repository", "Repository": "CRAN" },
    "mcmc": { "Package": "mcmc", "Version": "0.9-8", "Source": "Repository", "Repository": "CRAN" },
    "memoise": { "Package": "memoise", "Version": "2.0.1", "Source": "Repository", "Repository": "CRAN" },
    "mgcv": { "Package": "mgcv", "Version": "1.9-1", "Source": "Repository", "Repository": "CRAN" },
    "mockery": { "Package": "mockery", "Version": "0.4.4", "Source": "Repository", "Repository": "CRAN" },
    "nanoarrow": { "Package": "nanoarrow", "Version": "0.3.0", "Source": "Repository", "Repository": "CRAN" },
    "numDeriv": { "Package": "numDeriv", "Version": "2016.8-1.1", "Source": "Repository", "Repository": "CRAN" },
    "openCyto": { "Package": "openCyto", "Version": "2.18.0", "Source": "Bioconductor" },
    "progressr": { "Package": "progressr", "Version": "0.14.0", "Source": "Repository", "Repository": "CRAN" },
    "projr": { "Package": "projr", "Version": "0.2.18-14", "Source": "GitHub", "Repository": "CRAN" },
    "promises": { "Package": "promises", "Version": "1.2.1", "Source": "Repository", "Repository": "CRAN" },
    "proxy": { "Package": "proxy", "Version": "0.4-27", "Source": "Repository", "Repository": "CRAN" },
    "ps": { "Package": "ps", "Version": "1.7.6", "Source": "Repository", "Repository": "CRAN" },
    "purrr": { "Package": "purrr", "Version": "1.0.2", "Source": "Repository", "Repository": "CRAN" },
    "rainbow": { "Package": "rainbow", "Version": "3.8", "Source": "Repository", "Repository": "CRAN" },
    "rlang": { "Package": "rlang", "Version": "1.1.3", "Source": "Repository", "Repository": "CRAN" },
    "rmarkdown": { "Package": "rmarkdown", "Version": "2.26", "Source": "Repository", "Repository": "CRAN" },
    "rprojroot": { "Package": "rprojroot", "Version": "2.0.4", "Source": "Repository", "Repository": "CRAN" },
    "scales": { "Package": "scales", "Version": "1.3.0", "Source": "Repository", "Repository": "CRAN" },
    "scam": { "Package": "scam", "Version": "1.2-15", "Source": "Repository", "Repository": "CRAN" },
    "spatialreg": { "Package": "spatialreg", "Version": "1.3-1", "Source": "Repository", "Repository": "CRAN" },
    "spdep": { "Package": "spdep", "Version": "1.3-3", "Source": "Repository", "Repository": "CRAN" },
    "speedglm": { "Package": "speedglm", "Version": "0.3-5", "Source": "Repository", "Repository": "CRAN" },
    "spelling": { "Package": "spelling", "Version": "2.3.1", "Source": "Repository", "Repository": "CRAN" },
    "stringi": { "Package": "stringi", "Version": "1.8.3", "Source": "Repository", "Repository": "CRAN" },
    "survey": { "Package": "survey", "Version": "4.2-1", "Source": "Repository", "Repository": "CRAN" },
    "survival": { "Package": "survival", "Version": "3.5-8", "Source": "Repository", "Repository": "CRAN" },
    "systemfit": { "Package": "systemfit", "Version": "1.1-30", "Source": "Repository", "Repository": "CRAN" },
    "testthat": { "Package": "testthat", "Version": "3.2.1", "Source": "Repository", "Repository": "CRAN" },
    "tibble": { "Package": "tibble", "Version": "3.2.1", "Source": "Repository", "Repository": "CRAN" },
    "tidyr": { "Package": "tidyr", "Version": "1.3.1", "Source": "Repository", "Repository": "CRAN" },
    "tidyselect": { "Package": "tidyselect", "Version": "1.2.0", "Source": "Repository", "Repository": "CRAN" },
    "treeio": { "Package": "treeio", "Version": "1.28.0", "Source": "Bioconductor" },
    "tseries": { "Package": "tseries", "Version": "0.10-55", "Source": "Repository", "Repository": "CRAN" },
    "vars": { "Package": "vars", "Version": "1.5-9", "Source": "Repository", "Repository": "CRAN" },
    "vctrs": { "Package": "vctrs", "Version": "0.6.5", "Source": "Repository", "Repository": "CRAN" },
    "viridisLite": { "Package": "viridisLite", "Version": "0.4.2", "Source": "Repository", "Repository": "CRAN" },
    "withr": { "Package": "withr", "Version": "3.0.0", "Source": "Repository", "Repository": "CRAN" },
    "xml2": { "Package": "xml2", "Version": "1.3.6", "Source": "Repository", "Repository": "CRAN" },
    "zoo": { "Package": "zoo", "Version": "1.8-12", "Source": "Repository", "Repository": "CRAN" }
  }
}
